
Microsoft Visual Studio Solution File, Format Version 12.00
# Visual Studio Version 17
VisualStudioVersion = 17.6.33723.286
MinimumVisualStudioVersion = 10.0.40219.1
Project("{FAE04EC0-301F-11D3-BF4B-00C04F79EFBC}") = "Programmatically create a form icon", "Programmatically create a form icon\Programmatically create a form icon.csproj", "{299BBBB8-78D7-4E0E-A1B6-FB584DB60B37}"
EndProject
Global
	GlobalSection(SolutionConfigurationPlatforms) = preSolution
		Debug|Any CPU = Debug|Any CPU
		Release|Any CPU = Release|Any CPU
	EndGlobalSection
	GlobalSection(ProjectConfigurationPlatforms) = postSolution
		{299BBBB8-78D7-4E0E-A1B6-FB584DB60B37}.Debug|Any CPU.ActiveCfg = Debug|Any CPU
		{299BBBB8-78D7-4E0E-A1B6-FB584DB60B37}.Debug|Any CPU.Build.0 = Debug|Any CPU
		{299BBBB8-78D7-4E0E-A1B6-FB584DB60B37}.Release|Any CPU.ActiveCfg = Release|Any CPU
		{299BBBB8-78D7-4E0E-A1B6-FB584DB60B37}.Release|Any CPU.Build.0 = Release|Any CPU
	EndGlobalSection
	GlobalSection(SolutionProperties) = preSolution
		HideSolutionNode = FALSE
	EndGlobalSection
	GlobalSection(ExtensibilityGlobals) = postSolution
		SolutionGuid = {CF5363B8-B0DD-42B5-AA24-DBA4EC437A6E}
	EndGlobalSection
EndGlobal
